<?xml version="1.0" encoding="utf-8"?>
<Project ToolsVersion="17.0" xmlns="http://schemas.microsoft.com/developer/msbuild/2003">
  <ItemGroup>
    <CustomBuild Include="C:\Users\worker\pigeon-stepper\src\CMakeFiles\cb34d81c95a18476e3d48e5bf4c638f7\generate.stamp.rule">
      <Filter>CMake Rules</Filter>
    </CustomBuild>
  </ItemGroup>
  <ItemGroup>
    <Filter Include="CMake Rules">
      <UniqueIdentifier>{C43FE6C8-4733-3CAA-95FE-F9E25B1A766E}</UniqueIdentifier>
    </Filter>
  </ItemGroup>
</Project>
